
Microsoft Visual Studio Solution File, Format Version 12.00
# Visual Studio Version 16
VisualStudioVersion = 16.0.33027.164
MinimumVisualStudioVersion = 10.0.40219.1
Project("{9A19103F-16F7-4668-BE54-9A1E7A4F7556}") = "ToolBox3", "Arac_Kullanimlari3\ToolBox3.csproj", "{7C631218-7BD8-4D05-B135-FB988A9514B0}"
EndProject
Global
	GlobalSection(SolutionConfigurationPlatforms) = preSolution
		Debug|Any CPU = Debug|Any CPU
		Release|Any CPU = Release|Any CPU
	EndGlobalSection
	GlobalSection(ProjectConfigurationPlatforms) = postSolution
		{7C631218-7BD8-4D05-B135-FB988A9514B0}.Debug|Any CPU.ActiveCfg = Debug|Any CPU
		{7C631218-7BD8-4D05-B135-FB988A9514B0}.Debug|Any CPU.Build.0 = Debug|Any CPU
		{7C631218-7BD8-4D05-B135-FB988A9514B0}.Release|Any CPU.ActiveCfg = Release|Any CPU
		{7C631218-7BD8-4D05-B135-FB988A9514B0}.Release|Any CPU.Build.0 = Release|Any CPU
	EndGlobalSection
	GlobalSection(SolutionProperties) = preSolution
		HideSolutionNode = FALSE
	EndGlobalSection
	GlobalSection(ExtensibilityGlobals) = postSolution
		SolutionGuid = {E6DBD02C-FD09-4185-87EB-BB6411FD0D00}
	EndGlobalSection
EndGlobal
